// !$*UTF8*$!
{
	archiveVersion = 1;
	classes = {
	};
	objectVersion = 77;
	objects = {

/* Begin PBXContainerItemProxy section */
		9B1EF4202EC07A3C00976143 /* PBXContainerItemProxy */ = {
			isa = PBXContainerItemProxy;
			containerPortal = 9B1EF4052EC07A3A00976143 /* Project object */;
			proxyType = 1;
			remoteGlobalIDString = 9B1EF40C2EC07A3B00976143;
			remoteInfo = RichRSS;
		};
		9B1EF42A2EC07A3C00976143 /* PBXContainerItemProxy */ = {
			isa = PBXContainerItemProxy;
			containerPortal = 9B1EF4052EC07A3A00976143 /* Project object */;
			proxyType = 1;
			remoteGlobalIDString = 9B1EF40C2EC07A3B00976143;
			remoteInfo = RichRSS;
		};
/* End PBXContainerItemProxy section */

/* Begin PBXFileReference section */
		9B1EF40D2EC07A3B00976143 /* RichRSS.app */ = {isa = PBXFileReference; explicitFileType = wrapper.application; includeInIndex = 0; path = RichRSS.app; sourceTree = BUILT_PRODUCTS_DIR; };
		9B1EF41F2EC07A3C00976143 /* RichRSSTests.xctest */ = {isa = PBXFileReference; explicitFileType = wrapper.cfbundle; includeInIndex = 0; path = RichRSSTests.xctest; sourceTree = BUILT_PRODUCTS_DIR; };
		9B1EF4292EC07A3C00976143 /* RichRSSUITests.xctest */ = {isa = PBXFileReference; explicitFileType = wrapper.cfbundle; includeInIndex = 0; path = RichRSSUITests.xctest; sourceTree = BUILT_PRODUCTS_DIR; };
/* End PBXFileReference section */

/* Begin PBXFileSystemSynchronizedBuildFileExceptionSet section */
		9B0E06292ECC350500E8C162 /* Exceptions for "RichRSS" folder in "RichRSS" target */ = {
			isa = PBXFileSystemSynchronizedBuildFileExceptionSet;
			membershipExceptions = (
				Info.plist,
			);
			target = 9B1EF40C2EC07A3B00976143 /* RichRSS */;
		};
/* End PBXFileSystemSynchronizedBuildFileExceptionSet section */

/* Begin PBXFileSystemSynchronizedRootGroup section */
		9B1EF40F2EC07A3B00976143 /* RichRSS */ = {
			isa = PBXFileSystemSynchronizedRootGroup;
			exceptions = (
				9B0E06292ECC350500E8C162 /* Exceptions for "RichRSS" folder in "RichRSS" target */,
			);
			path = RichRSS;
			sourceTree = "<group>";
		};
		9B1EF4222EC07A3C00976143 /* RichRSSTests */ = {
			isa = PBXFileSystemSynchronizedRootGroup;
			path = RichRSSTests;
			sourceTree = "<group>";
		};
		9B1EF42C2EC07A3C00976143 /* RichRSSUITests */ = {
			isa = PBXFileSystemSynchronizedRootGroup;
			path = RichRSSUITests;
			sourceTree = "<group>";
		};
/* End PBXFileSystemSynchronizedRootGroup section */

/* Begin PBXFrameworksBuildPhase section */
		9B1EF40A2EC07A3B00976143 /* Frameworks */ = {
			isa = PBXFrameworksBuildPhase;
			buildActionMask = 2147483647;
			files = (
			);
			runOnlyForDeploymentPostprocessing = 0;
		};
		9B1EF41C2EC07A3C00976143 /* Frameworks */ = {
			isa = PBXFrameworksBuildPhase;
			buildActionMask = 2147483647;
			files = (
			);
			runOnlyForDeploymentPostprocessing = 0;
		};
		9B1EF4262EC07A3C00976143 /* Frameworks */ = {
			isa = PBXFrameworksBuildPhase;
			buildActionMask = 2147483647;
			files = (
			);
			runOnlyForDeploymentPostprocessing = 0;
		};
/* End PBXFrameworksBuildPhase section */

/* Begin PBXGroup section */
		9B1EF4042EC07A3A00976143 = {
			isa = PBXGroup;
			children = (
				9B1EF40F2EC07A3B00976143 /* RichRSS */,
				9B1EF4222EC07A3C00976143 /* RichRSSTests */,
				9B1EF42C2EC07A3C00976143 /* RichRSSUITests */,
				9B1EF40E2EC07A3B00976143 /* Products */,
			);
			sourceTree = "<group>";
		};
		9B1EF40E2EC07A3B00976143 /* Products */ = {
			isa = PBXGroup;
			children = (
				9B1EF40D2EC07A3B00976143 /* RichRSS.app */,
				9B1EF41F2EC07A3C00976143 /* RichRSSTests.xctest */,
				9B1EF4292EC07A3C00976143 /* RichRSSUITests.xctest */,
			);
			name = Products;
			sourceTree = "<group>";
		};
/* End PBXGroup section */

/* Begin PBXNativeTarget section */
		9B1EF40C2EC07A3B00976143 /* RichRSS */ = {
			isa = PBXNativeTarget;
			buildConfigurationList = 9B1EF4332EC07A3C00976143 /* Build configuration list for PBXNativeTarget "RichRSS" */;
			buildPhases = (
				9B1EF4092EC07A3B00976143 /* Sources */,
				9B1EF40A2EC07A3B00976143 /* Frameworks */,
				9B1EF40B2EC07A3B00976143 /* Resources */,
			);
			buildRules = (
			);
			dependencies = (
			);
			fileSystemSynchronizedGroups = (
				9B1EF40F2EC07A3B00976143 /* RichRSS */,
			);
			name = RichRSS;
			packageProductDependencies = (
			);
			productName = RichRSS;
			productReference = 9B1EF40D2EC07A3B00976143 /* RichRSS.app */;
			productType = "com.apple.product-type.application";
		};
		9B1EF41E2EC07A3C00976143 /* RichRSSTests */ = {
			isa = PBXNativeTarget;
			buildConfigurationList = 9B1EF4362EC07A3C00976143 /* Build configuration list for PBXNativeTarget "RichRSSTests" */;
			buildPhases = (
				9B1EF41B2EC07A3C00976143 /* Sources */,
				9B1EF41C2EC07A3C00976143 /* Frameworks */,
				9B1EF41D2EC07A3C00976143 /* Resources */,
			);
			buildRules = (
			);
			dependencies = (
				9B1EF4212EC07A3C00976143 /* PBXTargetDependency */,
			);
			fileSystemSynchronizedGroups = (
				9B1EF4222EC07A3C00976143 /* RichRSSTests */,
			);
			name = RichRSSTests;
			packageProductDependencies = (
			);
			productName = RichRSSTests;
			productReference = 9B1EF41F2EC07A3C00976143 /* RichRSSTests.xctest */;
			productType = "com.apple.product-type.bundle.unit-test";
		};
		9B1EF4282EC07A3C00976143 /* RichRSSUITests */ = {
			isa = PBXNativeTarget;
			buildConfigurationList = 9B1EF4392EC07A3C00976143 /* Build configuration list for PBXNativeTarget "RichRSSUITests" */;
			buildPhases = (
				9B1EF4252EC07A3C00976143 /* Sources */,
				9B1EF4262EC07A3C00976143 /* Frameworks */,
				9B1EF4272EC07A3C00976143 /* Resources */,
			);
			buildRules = (
			);
			dependencies = (
				9B1EF42B2EC07A3C00976143 /* PBXTargetDependency */,
			);
			fileSystemSynchronizedGroups = (
				9B1EF42C2EC07A3C00976143 /* RichRSSUITests */,
			);
			name = RichRSSUITests;
			packageProductDependencies = (
			);
			productName = RichRSSUITests;
			productReference = 9B1EF4292EC07A3C00976143 /* RichRSSUITests.xctest */;
			productType = "com.apple.product-type.bundle.ui-testing";
		};
/* End PBXNativeTarget section */

/* Begin PBXProject section */
		9B1EF4052EC07A3A00976143 /* Project object */ = {
			isa = PBXProject;
			attributes = {
				BuildIndependentTargetsInParallel = 1;
				LastSwiftUpdateCheck = 1620;
				LastUpgradeCheck = 1620;
				TargetAttributes = {
					9B1EF40C2EC07A3B00976143 = {
						CreatedOnToolsVersion = 16.2;
					};
					9B1EF41E2EC07A3C00976143 = {
						CreatedOnToolsVersion = 16.2;
						TestTargetID = 9B1EF40C2EC07A3B00976143;
					};
					9B1EF4282EC07A3C00976143 = {
						CreatedOnToolsVersion = 16.2;
						TestTargetID = 9B1EF40C2EC07A3B00976143;
					};
				};
			};
			buildConfigurationList = 9B1EF4082EC07A3A00976143 /* Build configuration list for PBXProject "RichRSS" */;
			developmentRegion = en;
			hasScannedForEncodings = 0;
			knownRegions = (
				en,
				Base,
			);
			mainGroup = 9B1EF4042EC07A3A00976143;
			minimizedProjectReferenceProxies = 1;
			preferredProjectObjectVersion = 77;
			productRefGroup = 9B1EF40E2EC07A3B00976143 /* Products */;
			projectDirPath = "";
			projectRoot = "";
			targets = (
				9B1EF40C2EC07A3B00976143 /* RichRSS */,
				9B1EF41E2EC07A3C00976143 /* RichRSSTests */,
				9B1EF4282EC07A3C00976143 /* RichRSSUITests */,
			);
		};
/* End PBXProject section */

/* Begin PBXResourcesBuildPhase section */
		9B1EF40B2EC07A3B00976143 /* Resources */ = {
			isa = PBXResourcesBuildPhase;
			buildActionMask = 2147483647;
			files = (
			);
			runOnlyForDeploymentPostprocessing = 0;
		};
		9B1EF41D2EC07A3C00976143 /* Resources */ = {
			isa = PBXResourcesBuildPhase;
			buildActionMask = 2147483647;
			files = (
			);
			runOnlyForDeploymentPostprocessing = 0;
		};
		9B1EF4272EC07A3C00976143 /* Resources */ = {
			isa = PBXResourcesBuildPhase;
			buildActionMask = 2147483647;
			files = (
			);
			runOnlyForDeploymentPostprocessing = 0;
		};
/* End PBXResourcesBuildPhase section */

/* Begin PBXSourcesBuildPhase section */
		9B1EF4092EC07A3B00976143 /* Sources */ = {
			isa = PBXSourcesBuildPhase;
			buildActionMask = 2147483647;
			files = (
			);
			runOnlyForDeploymentPostprocessing = 0;
		};
		9B1EF41B2EC07A3C00976143 /* Sources */ = {
			isa = PBXSourcesBuildPhase;
			buildActionMask = 2147483647;
			files = (
			);
			runOnlyForDeploymentPostprocessing = 0;
		};
		9B1EF4252EC07A3C00976143 /* Sources */ = {
			isa = PBXSourcesBuildPhase;
			buildActionMask = 2147483647;
			files = (
			);
			runOnlyForDeploymentPostprocessing = 0;
		};
/* End PBXSourcesBuildPhase section */

/* Begin PBXTargetDependency section */
		9B1EF4212EC07A3C00976143 /* PBXTargetDependency */ = {
			isa = PBXTargetDependency;
			target = 9B1EF40C2EC07A3B00976143 /* RichRSS */;
			targetProxy = 9B1EF4202EC07A3C00976143 /* PBXContainerItemProxy */;
		};
		9B1EF42B2EC07A3C00976143 /* PBXTargetDependency */ = {
			isa = PBXTargetDependency;
			target = 9B1EF40C2EC07A3B00976143 /* RichRSS */;
			targetProxy = 9B1EF42A2EC07A3C00976143 /* PBXContainerItemProxy */;
		};
/* End PBXTargetDependency section */

/* Begin XCBuildConfiguration section */
		9B1EF4312EC07A3C00976143 /* Debug */ = {
			isa = XCBuildConfiguration;
			buildSettings = {
				ALWAYS_SEARCH_USER_PATHS = NO;
				ASSETCATALOG_COMPILER_GENERATE_SWIFT_ASSET_SYMBOL_EXTENSIONS = YES;
				CLANG_ANALYZER_NONNULL = YES;
				CLANG_ANALYZER_NUMBER_OBJECT_CONVERSION = YES_AGGRESSIVE;
				CLANG_CXX_LANGUAGE_STANDARD = "gnu++20";
				CLANG_ENABLE_MODULES = YES;
				CLANG_ENABLE_OBJC_ARC = YES;
				CLANG_ENABLE_OBJC_WEAK = YES;
				CLANG_WARN_BLOCK_CAPTURE_AUTORELEASING = YES;
				CLANG_WARN_BOOL_CONVERSION = YES;
				CLANG_WARN_COMMA = YES;
				CLANG_WARN_CONSTANT_CONVERSION = YES;
				CLANG_WARN_DEPRECATED_OBJC_IMPLEMENTATIONS = YES;
				CLANG_WARN_DIRECT_OBJC_ISA_USAGE = YES_ERROR;
				CLANG_WARN_DOCUMENTATION_COMMENTS = YES;
				CLANG_WARN_EMPTY_BODY = YES;
				CLANG_WARN_ENUM_CONVERSION = YES;
				CLANG_WARN_INFINITE_RECURSION = YES;
				CLANG_WARN_INT_CONVERSION = YES;
				CLANG_WARN_NON_LITERAL_NULL_CONVERSION = YES;
				CLANG_WARN_OBJC_IMPLICIT_RETAIN_SELF = YES;
				CLANG_WARN_OBJC_LITERAL_CONVERSION = YES;
				CLANG_WARN_OBJC_ROOT_CLASS = YES_ERROR;
				CLANG_WARN_QUOTED_INCLUDE_IN_FRAMEWORK_HEADER = YES;
				CLANG_WARN_RANGE_LOOP_ANALYSIS = YES;
				CLANG_WARN_STRICT_PROTOTYPES = YES;
				CLANG_WARN_SUSPICIOUS_MOVE = YES;
				CLANG_WARN_UNGUARDED_AVAILABILITY = YES_AGGRESSIVE;
				CLANG_WARN_UNREACHABLE_CODE = YES;
				CLANG_WARN__DUPLICATE_METHOD_MATCH = YES;
				COPY_PHASE_STRIP = NO;
				DEBUG_INFORMATION_FORMAT = dwarf;
				ENABLE_STRICT_OBJC_MSGSEND = YES;
				ENABLE_TESTABILITY = YES;
				ENABLE_USER_SCRIPT_SANDBOXING = YES;
				GCC_C_LANGUAGE_STANDARD = gnu17;
				GCC_DYNAMIC_NO_PIC = NO;
				GCC_NO_COMMON_BLOCKS = YES;
				GCC_OPTIMIZATION_LEVEL = 0;
				GCC_PREPROCESSOR_DEFINITIONS = (
					"DEBUG=1",
					"$(inherited)",
				);
				GCC_WARN_64_TO_32_BIT_CONVERSION = YES;
				GCC_WARN_ABOUT_RETURN_TYPE = YES_ERROR;
				GCC_WARN_UNDECLARED_SELECTOR = YES;
				GCC_WARN_UNINITIALIZED_AUTOS = YES_AGGRESSIVE;
				GCC_WARN_UNUSED_FUNCTION = YES;
				GCC_WARN_UNUSED_VARIABLE = YES;
				IPHONEOS_DEPLOYMENT_TARGET = 18.2;
				LOCALIZATION_PREFERS_STRING_CATALOGS = YES;
				MTL_ENABLE_DEBUG_INFO = INCLUDE_SOURCE;
				MTL_FAST_MATH = YES;
				ONLY_ACTIVE_ARCH = YES;
				SDKROOT = iphoneos;
				SWIFT_ACTIVE_COMPILATION_CONDITIONS = "DEBUG $(inherited)";
				SWIFT_OPTIMIZATION_LEVEL = "-Onone";
			};
			name = Debug;
		};
		9B1EF4322EC07A3C00976143 /* Release */ = {
			isa = XCBuildConfiguration;
			buildSettings = {
				ALWAYS_SEARCH_USER_PATHS = NO;
				ASSETCATALOG_COMPILER_GENERATE_SWIFT_ASSET_SYMBOL_EXTENSIONS = YES;
				CLANG_ANALYZER_NONNULL = YES;
				CLANG_ANALYZER_NUMBER_OBJECT_CONVERSION = YES_AGGRESSIVE;
				CLANG_CXX_LANGUAGE_STANDARD = "gnu++20";
				CLANG_ENABLE_MODULES = YES;
				CLANG_ENABLE_OBJC_ARC = YES;
				CLANG_ENABLE_OBJC_WEAK = YES;
				CLANG_WARN_BLOCK_CAPTURE_AUTORELEASING = YES;
				CLANG_WARN_BOOL_CONVERSION = YES;
				CLANG_WARN_COMMA = YES;
				CLANG_WARN_CONSTANT_CONVERSION = YES;
				CLANG_WARN_DEPRECATED_OBJC_IMPLEMENTATIONS = YES;
				CLANG_WARN_DIRECT_OBJC_ISA_USAGE = YES_ERROR;
				CLANG_WARN_DOCUMENTATION_COMMENTS = YES;
				CLANG_WARN_EMPTY_BODY = YES;
				CLANG_WARN_ENUM_CONVERSION = YES;
				CLANG_WARN_INFINITE_RECURSION = YES;
				CLANG_WARN_INT_CONVERSION = YES;
				CLANG_WARN_NON_LITERAL_NULL_CONVERSION = YES;
				CLANG_WARN_OBJC_IMPLICIT_RETAIN_SELF = YES;
				CLANG_WARN_OBJC_LITERAL_CONVERSION = YES;
				CLANG_WARN_OBJC_ROOT_CLASS = YES_ERROR;
				CLANG_WARN_QUOTED_INCLUDE_IN_FRAMEWORK_HEADER = YES;
				CLANG_WARN_RANGE_LOOP_ANALYSIS = YES;
				CLANG_WARN_STRICT_PROTOTYPES = YES;
				CLANG_WARN_SUSPICIOUS_MOVE = YES;
				CLANG_WARN_UNGUARDED_AVAILABILITY = YES_AGGRESSIVE;
				CLANG_WARN_UNREACHABLE_CODE = YES;
				CLANG_WARN__DUPLICATE_METHOD_MATCH = YES;
				COPY_PHASE_STRIP = NO;
				DEBUG_INFORMATION_FORMAT = "dwarf-with-dsym";
				ENABLE_NS_ASSERTIONS = NO;
				ENABLE_STRICT_OBJC_MSGSEND = YES;
				ENABLE_USER_SCRIPT_SANDBOXING = YES;
				GCC_C_LANGUAGE_STANDARD = gnu17;
				GCC_NO_COMMON_BLOCKS = YES;
				GCC_WARN_64_TO_32_BIT_CONVERSION = YES;
				GCC_WARN_ABOUT_RETURN_TYPE = YES_ERROR;
				GCC_WARN_UNDECLARED_SELECTOR = YES;
				GCC_WARN_UNINITIALIZED_AUTOS = YES_AGGRESSIVE;
				GCC_WARN_UNUSED_FUNCTION = YES;
				GCC_WARN_UNUSED_VARIABLE = YES;
				IPHONEOS_DEPLOYMENT_TARGET = 18.2;
				LOCALIZATION_PREFERS_STRING_CATALOGS = YES;
				MTL_ENABLE_DEBUG_INFO = NO;
				MTL_FAST_MATH = YES;
				SDKROOT = iphoneos;
				SWIFT_COMPILATION_MODE = wholemodule;
				VALIDATE_PRODUCT = YES;
			};
			name = Release;
		};
		9B1EF4342EC07A3C00976143 /* Debug */ = {
			isa = XCBuildConfiguration;
			buildSettings = {
				ASSETCATALOG_COMPILER_APPICON_NAME = AppIcon;
				ASSETCATALOG_COMPILER_GLOBAL_ACCENT_COLOR_NAME = AccentColor;
				CODE_SIGN_STYLE = Automatic;
				CURRENT_PROJECT_VERSION = 1;
				DEVELOPMENT_ASSET_PATHS = "\"RichRSS/Preview Content\"";
				DEVELOPMENT_TEAM = 9BQWF7Y4MW;
				ENABLE_PREVIEWS = YES;
				GENERATE_INFOPLIST_FILE = YES;
				INFOPLIST_FILE = RichRSS/Info.plist;
				INFOPLIST_KEY_UIApplicationSceneManifest_Generation = YES;
				INFOPLIST_KEY_UIApplicationSupportsIndirectInputEvents = YES;
				INFOPLIST_KEY_UILaunchScreen_Generation = YES;
				INFOPLIST_KEY_UISupportedInterfaceOrientations_iPad = "UIInterfaceOrientationPortrait UIInterfaceOrientationPortraitUpsideDown UIInterfaceOrientationLandscapeLeft UIInterfaceOrientationLandscapeRight";
				INFOPLIST_KEY_UISupportedInterfaceOrientations_iPhone = "UIInterfaceOrientationPortrait UIInterfaceOrientationLandscapeLeft UIInterfaceOrientationLandscapeRight";
				LD_RUNPATH_SEARCH_PATHS = (
					"$(inherited)",
					"@executable_path/Frameworks",
				);
				MARKETING_VERSION = 1.0;
				PRODUCT_BUNDLE_IDENTIFIER = com.richardtape.RichRSS;
				PRODUCT_NAME = "$(TARGET_NAME)";
				SWIFT_EMIT_LOC_STRINGS = YES;
				SWIFT_VERSION = 5.0;
				TARGETED_DEVICE_FAMILY = "1,2";
			};
			name = Debug;
		};
		9B1EF4352EC07A3C00976143 /* Release */ = {
			isa = XCBuildConfiguration;
			buildSettings = {
				ASSETCATALOG_COMPILER_APPICON_NAME = AppIcon;
				ASSETCATALOG_COMPILER_GLOBAL_ACCENT_COLOR_NAME = AccentColor;
				CODE_SIGN_STYLE = Automatic;
				CURRENT_PROJECT_VERSION = 1;
				DEVELOPMENT_ASSET_PATHS = "\"RichRSS/Preview Content\"";
				DEVELOPMENT_TEAM = 9BQWF7Y4MW;
				ENABLE_PREVIEWS = YES;
				GENERATE_INFOPLIST_FILE = YES;
				INFOPLIST_FILE = RichRSS/Info.plist;
				INFOPLIST_KEY_UIApplicationSceneManifest_Generation = YES;
				INFOPLIST_KEY_UIApplicationSupportsIndirectInputEvents = YES;
				INFOPLIST_KEY_UILaunchScreen_Generation = YES;
				INFOPLIST_KEY_UISupportedInterfaceOrientations_iPad = "UIInterfaceOrientationPortrait UIInterfaceOrientationPortraitUpsideDown UIInterfaceOrientationLandscapeLeft UIInterfaceOrientationLandscapeRight";
				INFOPLIST_KEY_UISupportedInterfaceOrientations_iPhone = "UIInterfaceOrientationPortrait UIInterfaceOrientationLandscapeLeft UIInterfaceOrientationLandscapeRight";
				LD_RUNPATH_SEARCH_PATHS = (
					"$(inherited)",
					"@executable_path/Frameworks",
				);
				MARKETING_VERSION = 1.0;
				PRODUCT_BUNDLE_IDENTIFIER = com.richardtape.RichRSS;
				PRODUCT_NAME = "$(TARGET_NAME)";
				SWIFT_EMIT_LOC_STRINGS = YES;
				SWIFT_VERSION = 5.0;
				TARGETED_DEVICE_FAMILY = "1,2";
			};
			name = Release;
		};
		9B1EF4372EC07A3C00976143 /* Debug */ = {
			isa = XCBuildConfiguration;
			buildSettings = {
				BUNDLE_LOADER = "$(TEST_HOST)";
				CODE_SIGN_STYLE = Automatic;
				CURRENT_PROJECT_VERSION = 1;
				DEVELOPMENT_TEAM = 9BQWF7Y4MW;
				GENERATE_INFOPLIST_FILE = YES;
				IPHONEOS_DEPLOYMENT_TARGET = 18.2;
				MARKETING_VERSION = 1.0;
				PRODUCT_BUNDLE_IDENTIFIER = com.richardtape.RichRSSTests;
				PRODUCT_NAME = "$(TARGET_NAME)";
				SWIFT_EMIT_LOC_STRINGS = NO;
				SWIFT_VERSION = 5.0;
				TARGETED_DEVICE_FAMILY = "1,2";
				TEST_HOST = "$(BUILT_PRODUCTS_DIR)/RichRSS.app/$(BUNDLE_EXECUTABLE_FOLDER_PATH)/RichRSS";
			};
			name = Debug;
		};
		9B1EF4382EC07A3C00976143 /* Release */ = {
			isa = XCBuildConfiguration;
			buildSettings = {
				BUNDLE_LOADER = "$(TEST_HOST)";
				CODE_SIGN_STYLE = Automatic;
				CURRENT_PROJECT_VERSION = 1;
				DEVELOPMENT_TEAM = 9BQWF7Y4MW;
				GENERATE_INFOPLIST_FILE = YES;
				IPHONEOS_DEPLOYMENT_TARGET = 18.2;
				MARKETING_VERSION = 1.0;
				PRODUCT_BUNDLE_IDENTIFIER = com.richardtape.RichRSSTests;
				PRODUCT_NAME = "$(TARGET_NAME)";
				SWIFT_EMIT_LOC_STRINGS = NO;
				SWIFT_VERSION = 5.0;
				TARGETED_DEVICE_FAMILY = "1,2";
				TEST_HOST = "$(BUILT_PRODUCTS_DIR)/RichRSS.app/$(BUNDLE_EXECUTABLE_FOLDER_PATH)/RichRSS";
			};
			name = Release;
		};
		9B1EF43A2EC07A3C00976143 /* Debug */ = {
			isa = XCBuildConfiguration;
			buildSettings = {
				CODE_SIGN_STYLE = Automatic;
				CURRENT_PROJECT_VERSION = 1;
				DEVELOPMENT_TEAM = 9BQWF7Y4MW;
				GENERATE_INFOPLIST_FILE = YES;
				MARKETING_VERSION = 1.0;
				PRODUCT_BUNDLE_IDENTIFIER = com.richardtape.RichRSSUITests;
				PRODUCT_NAME = "$(TARGET_NAME)";
				SWIFT_EMIT_LOC_STRINGS = NO;
				SWIFT_VERSION = 5.0;
				TARGETED_DEVICE_FAMILY = "1,2";
				TEST_TARGET_NAME = RichRSS;
			};
			name = Debug;
		};
		9B1EF43B2EC07A3C00976143 /* Release */ = {
			isa = XCBuildConfiguration;
			buildSettings = {
				CODE_SIGN_STYLE = Automatic;
				CURRENT_PROJECT_VERSION = 1;
				DEVELOPMENT_TEAM = 9BQWF7Y4MW;
				GENERATE_INFOPLIST_FILE = YES;
				MARKETING_VERSION = 1.0;
				PRODUCT_BUNDLE_IDENTIFIER = com.richardtape.RichRSSUITests;
				PRODUCT_NAME = "$(TARGET_NAME)";
				SWIFT_EMIT_LOC_STRINGS = NO;
				SWIFT_VERSION = 5.0;
				TARGETED_DEVICE_FAMILY = "1,2";
				TEST_TARGET_NAME = RichRSS;
			};
			name = Release;
		};
/* End XCBuildConfiguration section */

/* Begin XCConfigurationList section */
		9B1EF4082EC07A3A00976143 /* Build configuration list for PBXProject "RichRSS" */ = {
			isa = XCConfigurationList;
			buildConfigurations = (
				9B1EF4312EC07A3C00976143 /* Debug */,
				9B1EF4322EC07A3C00976143 /* Release */,
			);
			defaultConfigurationIsVisible = 0;
			defaultConfigurationName = Release;
		};
		9B1EF4332EC07A3C00976143 /* Build configuration list for PBXNativeTarget "RichRSS" */ = {
			isa = XCConfigurationList;
			buildConfigurations = (
				9B1EF4342EC07A3C00976143 /* Debug */,
				9B1EF4352EC07A3C00976143 /* Release */,
			);
			defaultConfigurationIsVisible = 0;
			defaultConfigurationName = Release;
		};
		9B1EF4362EC07A3C00976143 /* Build configuration list for PBXNativeTarget "RichRSSTests" */ = {
			isa = XCConfigurationList;
			buildConfigurations = (
				9B1EF4372EC07A3C00976143 /* Debug */,
				9B1EF4382EC07A3C00976143 /* Release */,
			);
			defaultConfigurationIsVisible = 0;
			defaultConfigurationName = Release;
		};
		9B1EF4392EC07A3C00976143 /* Build configuration list for PBXNativeTarget "RichRSSUITests" */ = {
			isa = XCConfigurationList;
			buildConfigurations = (
				9B1EF43A2EC07A3C00976143 /* Debug */,
				9B1EF43B2EC07A3C00976143 /* Release */,
			);
			defaultConfigurationIsVisible = 0;
			defaultConfigurationName = Release;
		};
/* End XCConfigurationList section */
	};
	rootObject = 9B1EF4052EC07A3A00976143 /* Project object */;
}
